# This file was autogenerated by Stack.
# You should not edit this file by hand.
# For more information, please see the documentation at:
#   https://docs.haskellstack.org/en/stable/lock_files

packages:
- completed:
    hackage: aeson-deriving-0.1.1.2@sha256:e7be3f84464baa72c3bd61d60b9035e00637b6fb88cf464322ce773340963b6b,2752
    pantry-tree:
      size: 1247
      sha256: f38b67412d2fb2f757d8446033fc903b619116c63ec043e3c4a749867cc375ff
  original:
    hackage: aeson-deriving-0.1.1.2
snapshots:
- completed:
    size: 554194
    url: https://raw.githubusercontent.com/commercialhaskell/stackage-snapshots/master/nightly/2020/11/23.yaml
    sha256: d4037ffda88f024e83ce3e466d7b612939024f2e5d4895f8af7b4ff96cd7ea68
  original: nightly-2020-11-23
